PODS:
  - ActiveLabel (1.1.0)
  - Alamofire (5.4.3)
  - AppAuth (1.4.0):
    - AppAuth/Core (= 1.4.0)
    - AppAuth/ExternalUserAgent (= 1.4.0)
  - AppAuth/Core (1.4.0)
  - AppAuth/ExternalUserAgent (1.4.0)
  - DropDown (2.3.13)
  - GoogleSignIn (5.0.2):
    - AppAuth (~> 1.2)
    - GTMAppAuth (~> 1.0)
    - GTMSessionFetcher/Core (~> 1.1)
  - GTMAppAuth (1.2.1):
    - AppAuth/Core (~> 1.4)
    - GTMSessionFetcher/Core (~> 1.5)
  - GTMSessionFetcher/Core (1.5.0)
  - JGProgressHUD (2.2)
  - Parchment (3.0.1)
  - SDWebImage (5.11.0):
    - SDWebImage/Core (= 5.11.0)
  - SDWebImage/Core (5.11.0)
  - SwiftRater (1.8.0)

DEPENDENCIES:
  - ActiveLabel
  - Alamofire
  - DropDown
  - GoogleSignIn
  - JGProgressHUD
  - Parchment (~> 3.0)
  - SDWebImage
  - SwiftRater

SPEC REPOS:
  trunk:
    - ActiveLabel
    - Alamofire
    - AppAuth
    - DropDown
    - GoogleSignIn
    - GTMAppAuth
    - GTMSessionFetcher
    - JGProgressHUD
    - Parchment
    - SDWebImage
    - SwiftRater

SPEC CHECKSUMS:
  ActiveLabel: 5e3f4de79a1952d4604b845a0610d4776e4b82b3
  Alamofire: e447a2774a40c996748296fa2c55112fdbbc42f9
  AppAuth: 31bcec809a638d7bd2f86ea8a52bd45f6e81e7c7
  DropDown: 8a2116376c1981888557f72ec2ffc9a5e0e456ec
  GoogleSignIn: 7137d297ddc022a7e0aa4619c86d72c909fa7213
  GTMAppAuth: 5b53231ef6920f149ab84b2969cb0ab572da3077
  GTMSessionFetcher: b3503b20a988c4e20cc189aa798fd18220133f52
  JGProgressHUD: d83d7a981b85d11205e19ff8ad5bb9c40571c847
  Parchment: 466a1cfb6151780db8acb4bbedc2d9c6bfa1e2ff
  SDWebImage: 7acbb57630ac7db4a495547fb73916ff3e432f6b
  SwiftRater: 6094fa6e9b3866ff8beca0a871b4b5f9ab896a6d

PODFILE CHECKSUM: 22e2318249356f35da7e556ab2720ee5d06c016e

COCOAPODS: 1.10.1
