PODS:
  - ActiveLabel (1.1.0)
  - AppAuth (1.4.0):
    - AppAuth/Core (= 1.4.0)
    - AppAuth/ExternalUserAgent (= 1.4.0)
  - AppAuth/Core (1.4.0)
  - AppAuth/ExternalUserAgent (1.4.0)
  - ChameleonFramework/Default (2.1.0)
  - ChameleonFramework/Swift (2.1.0):
    - ChameleonFramework/Default
  - DropDown (2.3.13)
  - GoogleSignIn (5.0.2):
    - AppAuth (~> 1.2)
    - GTMAppAuth (~> 1.0)
    - GTMSessionFetcher/Core (~> 1.1)
  - GTMAppAuth (1.2.1):
    - AppAuth/Core (~> 1.4)
    - GTMSessionFetcher/Core (~> 1.5)
  - GTMSessionFetcher/Core (1.5.0)
  - JGProgressHUD (2.2)
  - Parchment (3.0.1)
  - SDWebImage (5.11.0):
    - SDWebImage/Core (= 5.11.0)
  - SDWebImage/Core (5.11.0)
  - TTTAttributedLabel (2.0.0)

DEPENDENCIES:
  - ActiveLabel
  - ChameleonFramework/Swift
  - DropDown
  - GoogleSignIn
  - JGProgressHUD
  - Parchment (~> 3.0)
  - SDWebImage
  - TTTAttributedLabel

SPEC REPOS:
  trunk:
    - ActiveLabel
    - AppAuth
    - ChameleonFramework
    - DropDown
    - GoogleSignIn
    - GTMAppAuth
    - GTMSessionFetcher
    - JGProgressHUD
    - Parchment
    - SDWebImage
    - TTTAttributedLabel

SPEC CHECKSUMS:
  ActiveLabel: 5e3f4de79a1952d4604b845a0610d4776e4b82b3
  AppAuth: 31bcec809a638d7bd2f86ea8a52bd45f6e81e7c7
  ChameleonFramework: d21a3cc247abfe5e37609a283a8238b03575cf64
  DropDown: 8a2116376c1981888557f72ec2ffc9a5e0e456ec
  GoogleSignIn: 7137d297ddc022a7e0aa4619c86d72c909fa7213
  GTMAppAuth: 5b53231ef6920f149ab84b2969cb0ab572da3077
  GTMSessionFetcher: b3503b20a988c4e20cc189aa798fd18220133f52
  JGProgressHUD: d83d7a981b85d11205e19ff8ad5bb9c40571c847
  Parchment: 466a1cfb6151780db8acb4bbedc2d9c6bfa1e2ff
  SDWebImage: 7acbb57630ac7db4a495547fb73916ff3e432f6b
  TTTAttributedLabel: 8cffe8e127e4e82ff3af1e5386d4cd0ad000b656

PODFILE CHECKSUM: ac90cb4c4601a38e363f60da2503096f8cf6818d

COCOAPODS: 1.10.1
