// !$*UTF8*$!
{
	archiveVersion = 1;
	classes = {
	};
	objectVersion = 51;
	objects = {

/* Begin PBXBuildFile section */
		3706444026593EC000FB95C1 /* ChannelListNEViewController.swift in Sources */ = {isa = PBXBuildFile; fileRef = 3706443F26593EC000FB95C1 /* ChannelListNEViewController.swift */; };
		371DCA69264AC53700B3724C /* Service.swift in Sources */ = {isa = PBXBuildFile; fileRef = 371DCA68264AC53700B3724C /* Service.swift */; };
		371DCA6B264ECDEA00B3724C /* User.swift in Sources */ = {isa = PBXBuildFile; fileRef = 371DCA6A264ECDEA00B3724C /* User.swift */; };
		371DCA6F264F9D6200B3724C /* Response.swift in Sources */ = {isa = PBXBuildFile; fileRef = 371DCA6E264F9D6200B3724C /* Response.swift */; };
		371DCA71264FD66000B3724C /* Keyword.swift in Sources */ = {isa = PBXBuildFile; fileRef = 371DCA70264FD66000B3724C /* Keyword.swift */; };
		3747FDCD263E76D900916764 /* VideoTableViewCell.swift in Sources */ = {isa = PBXBuildFile; fileRef = 3747FDCC263E76D900916764 /* VideoTableViewCell.swift */; };
		3747FDD0263E774F00916764 /* Videos.swift in Sources */ = {isa = PBXBuildFile; fileRef = 3747FDCF263E774F00916764 /* Videos.swift */; };
		3747FDD3263E818800916764 /* ChannelListController.swift in Sources */ = {isa = PBXBuildFile; fileRef = 3747FDD2263E818800916764 /* ChannelListController.swift */; };
		3747FDD6263E822100916764 /* Channel.swift in Sources */ = {isa = PBXBuildFile; fileRef = 3747FDD5263E822100916764 /* Channel.swift */; };
		3747FDD9263E82A000916764 /* ChannelTableViewCell.swift in Sources */ = {isa = PBXBuildFile; fileRef = 3747FDD8263E82A000916764 /* ChannelTableViewCell.swift */; };
		37500DFC2637101C00BB4BC5 /* MyPageTableViewCell.swift in Sources */ = {isa = PBXBuildFile; fileRef = 37500DFB2637101C00BB4BC5 /* MyPageTableViewCell.swift */; };
		37534FCE2654F497003A5C42 /* UserInfo.swift in Sources */ = {isa = PBXBuildFile; fileRef = 37534FCD2654F497003A5C42 /* UserInfo.swift */; };
		37534FD02654F6C5003A5C42 /* Statics.swift in Sources */ = {isa = PBXBuildFile; fileRef = 37534FCF2654F6C5003A5C42 /* Statics.swift */; };
		375FE46A2639754F00740866 /* DetailViewController.swift in Sources */ = {isa = PBXBuildFile; fileRef = 375FE4692639754F00740866 /* DetailViewController.swift */; };
		375FE46D2639755E00740866 /* VideoViewController.swift in Sources */ = {isa = PBXBuildFile; fileRef = 375FE46C2639755E00740866 /* VideoViewController.swift */; };
		376CD139265530DC00A09764 /* Color.swift in Sources */ = {isa = PBXBuildFile; fileRef = 376CD138265530DC00A09764 /* Color.swift */; };
		376CD13B26555A4900A09764 /* ResponseWithPage.swift in Sources */ = {isa = PBXBuildFile; fileRef = 376CD13A26555A4900A09764 /* ResponseWithPage.swift */; };
		3778ACE7262CAE22008F95AB /* CircularImageButton.swift in Sources */ = {isa = PBXBuildFile; fileRef = 3778ACE6262CAE22008F95AB /* CircularImageButton.swift */; };
		3778AD002632A2DF008F95AB /* TagCell.swift in Sources */ = {isa = PBXBuildFile; fileRef = 3778ACFF2632A2DF008F95AB /* TagCell.swift */; };
		3778AD0426343F1E008F95AB /* RankingTableViewCell.swift in Sources */ = {isa = PBXBuildFile; fileRef = 3778AD0326343F1E008F95AB /* RankingTableViewCell.swift */; };
		3778AD0C26345810008F95AB /* RankingHeader.swift in Sources */ = {isa = PBXBuildFile; fileRef = 3778AD0B26345810008F95AB /* RankingHeader.swift */; };
		3778AD1726345CB3008F95AB /* Topic.swift in Sources */ = {isa = PBXBuildFile; fileRef = 3778AD1626345CB3008F95AB /* Topic.swift */; };
		3778AD1A2635C917008F95AB /* CircularProfileView.swift in Sources */ = {isa = PBXBuildFile; fileRef = 3778AD192635C917008F95AB /* CircularProfileView.swift */; };
		3789E0B62642F43C00894656 /* Device.swift in Sources */ = {isa = PBXBuildFile; fileRef = 3789E0B52642F43C00894656 /* Device.swift */; };
		379D857B2657F2AC000D17E1 /* CustomTabbar.swift in Sources */ = {isa = PBXBuildFile; fileRef = 379D857A2657F2AC000D17E1 /* CustomTabbar.swift */; };
		37A6A26D26613C0A00964A72 /* TokenRequestInterceptor.swift in Sources */ = {isa = PBXBuildFile; fileRef = 37A6A26C26613C0A00964A72 /* TokenRequestInterceptor.swift */; };
		37A918AF263AF886006C96F7 /* ChannelDetailController.swift in Sources */ = {isa = PBXBuildFile; fileRef = 37A918AE263AF886006C96F7 /* ChannelDetailController.swift */; };
		37A918B6263BF552006C96F7 /* DetailTableViewCell.swift in Sources */ = {isa = PBXBuildFile; fileRef = 37A918B5263BF552006C96F7 /* DetailTableViewCell.swift */; };
		37DC1464265E664700F7B7A0 /* TokenUtils.swift in Sources */ = {isa = PBXBuildFile; fileRef = 37DC1463265E664700F7B7A0 /* TokenUtils.swift */; };
		37DC1466265E9CBA00F7B7A0 /* GoogleLoginViewController.swift in Sources */ = {isa = PBXBuildFile; fileRef = 37DC1465265E9CBA00F7B7A0 /* GoogleLoginViewController.swift */; };
		37DC810A262B1CAF00711CF0 /* CarouselChannelCell.swift in Sources */ = {isa = PBXBuildFile; fileRef = 37DC8109262B1CAF00711CF0 /* CarouselChannelCell.swift */; };
		37DC810D262B2D5500711CF0 /* BannerCell.swift in Sources */ = {isa = PBXBuildFile; fileRef = 37DC810C262B2D5500711CF0 /* BannerCell.swift */; };
		37DC8110262B9BAE00711CF0 /* ChannelCardView.swift in Sources */ = {isa = PBXBuildFile; fileRef = 37DC810F262B9BAE00711CF0 /* ChannelCardView.swift */; };
		37E814B52628796E00B3C75B /* CircularChannelCell.swift in Sources */ = {isa = PBXBuildFile; fileRef = 37E814B42628796E00B3C75B /* CircularChannelCell.swift */; };
		37FB47092628440A008781C0 /* AppDelegate.swift in Sources */ = {isa = PBXBuildFile; fileRef = 37FB47082628440A008781C0 /* AppDelegate.swift */; };
		37FB470B2628440A008781C0 /* SceneDelegate.swift in Sources */ = {isa = PBXBuildFile; fileRef = 37FB470A2628440A008781C0 /* SceneDelegate.swift */; };
		37FB47102628440A008781C0 /* Main.storyboard in Resources */ = {isa = PBXBuildFile; fileRef = 37FB470E2628440A008781C0 /* Main.storyboard */; };
		37FB47122628440C008781C0 /* Assets.xcassets in Resources */ = {isa = PBXBuildFile; fileRef = 37FB47112628440C008781C0 /* Assets.xcassets */; };
		37FB47152628440C008781C0 /* LaunchScreen.storyboard in Resources */ = {isa = PBXBuildFile; fileRef = 37FB47132628440C008781C0 /* LaunchScreen.storyboard */; };
		37FB472E2628456E008781C0 /* Extensions.swift in Sources */ = {isa = PBXBuildFile; fileRef = 37FB472D2628456E008781C0 /* Extensions.swift */; };
		37FB47312628457F008781C0 /* MainTabController.swift in Sources */ = {isa = PBXBuildFile; fileRef = 37FB47302628457F008781C0 /* MainTabController.swift */; };
		37FB473526284656008781C0 /* MyPageController.swift in Sources */ = {isa = PBXBuildFile; fileRef = 37FB473426284656008781C0 /* MyPageController.swift */; };
		37FB47382628465E008781C0 /* RankingController.swift in Sources */ = {isa = PBXBuildFile; fileRef = 37FB47372628465E008781C0 /* RankingController.swift */; };
		37FB473B2628466E008781C0 /* HomeController.swift in Sources */ = {isa = PBXBuildFile; fileRef = 37FB473A2628466E008781C0 /* HomeController.swift */; };
		37FB473E2628467B008781C0 /* RecommendationController.swift in Sources */ = {isa = PBXBuildFile; fileRef = 37FB473D2628467B008781C0 /* RecommendationController.swift */; };
		B81E6BB3CDDAB05C3F799FDC /* Pods_YouChu.framework in Frameworks */ = {isa = PBXBuildFile; fileRef = 30C97A25CD3E7C9F535A7B40 /* Pods_YouChu.framework */; };
/* End PBXBuildFile section */

/* Begin PBXFileReference section */
		287B54ABD93A3AC5A460283E /* Pods-YouChu.debug.xcconfig */ = {isa = PBXFileReference; includeInIndex = 1; lastKnownFileType = text.xcconfig; name = "Pods-YouChu.debug.xcconfig"; path = "Target Support Files/Pods-YouChu/Pods-YouChu.debug.xcconfig"; sourceTree = "<group>"; };
		30C97A25CD3E7C9F535A7B40 /* Pods_YouChu.framework */ = {isa = PBXFileReference; explicitFileType = wrapper.framework; includeInIndex = 0; path = Pods_YouChu.framework; sourceTree = BUILT_PRODUCTS_DIR; };
		3706443F26593EC000FB95C1 /* ChannelListNEViewController.swift */ = {isa = PBXFileReference; lastKnownFileType = sourcecode.swift; path = ChannelListNEViewController.swift; sourceTree = "<group>"; };
		371DCA68264AC53700B3724C /* Service.swift */ = {isa = PBXFileReference; lastKnownFileType = sourcecode.swift; path = Service.swift; sourceTree = "<group>"; };
		371DCA6A264ECDEA00B3724C /* User.swift */ = {isa = PBXFileReference; lastKnownFileType = sourcecode.swift; path = User.swift; sourceTree = "<group>"; };
		371DCA6E264F9D6200B3724C /* Response.swift */ = {isa = PBXFileReference; lastKnownFileType = sourcecode.swift; path = Response.swift; sourceTree = "<group>"; };
		371DCA70264FD66000B3724C /* Keyword.swift */ = {isa = PBXFileReference; lastKnownFileType = sourcecode.swift; path = Keyword.swift; sourceTree = "<group>"; };
		3747FDCC263E76D900916764 /* VideoTableViewCell.swift */ = {isa = PBXFileReference; lastKnownFileType = sourcecode.swift; path = VideoTableViewCell.swift; sourceTree = "<group>"; };
		3747FDCF263E774F00916764 /* Videos.swift */ = {isa = PBXFileReference; lastKnownFileType = sourcecode.swift; path = Videos.swift; sourceTree = "<group>"; };
		3747FDD2263E818800916764 /* ChannelListController.swift */ = {isa = PBXFileReference; lastKnownFileType = sourcecode.swift; path = ChannelListController.swift; sourceTree = "<group>"; };
		3747FDD5263E822100916764 /* Channel.swift */ = {isa = PBXFileReference; lastKnownFileType = sourcecode.swift; path = Channel.swift; sourceTree = "<group>"; };
		3747FDD8263E82A000916764 /* ChannelTableViewCell.swift */ = {isa = PBXFileReference; lastKnownFileType = sourcecode.swift; path = ChannelTableViewCell.swift; sourceTree = "<group>"; };
		37500DFB2637101C00BB4BC5 /* MyPageTableViewCell.swift */ = {isa = PBXFileReference; lastKnownFileType = sourcecode.swift; path = MyPageTableViewCell.swift; sourceTree = "<group>"; };
		37534FCD2654F497003A5C42 /* UserInfo.swift */ = {isa = PBXFileReference; lastKnownFileType = sourcecode.swift; path = UserInfo.swift; sourceTree = "<group>"; };
		37534FCF2654F6C5003A5C42 /* Statics.swift */ = {isa = PBXFileReference; lastKnownFileType = sourcecode.swift; path = Statics.swift; sourceTree = "<group>"; };
		375FE4692639754F00740866 /* DetailViewController.swift */ = {isa = PBXFileReference; lastKnownFileType = sourcecode.swift; path = DetailViewController.swift; sourceTree = "<group>"; };
		375FE46C2639755E00740866 /* VideoViewController.swift */ = {isa = PBXFileReference; lastKnownFileType = sourcecode.swift; path = VideoViewController.swift; sourceTree = "<group>"; };
		376CD138265530DC00A09764 /* Color.swift */ = {isa = PBXFileReference; lastKnownFileType = sourcecode.swift; path = Color.swift; sourceTree = "<group>"; };
		376CD13A26555A4900A09764 /* ResponseWithPage.swift */ = {isa = PBXFileReference; lastKnownFileType = sourcecode.swift; path = ResponseWithPage.swift; sourceTree = "<group>"; };
		3778ACE6262CAE22008F95AB /* CircularImageButton.swift */ = {isa = PBXFileReference; lastKnownFileType = sourcecode.swift; path = CircularImageButton.swift; sourceTree = "<group>"; };
		3778ACFF2632A2DF008F95AB /* TagCell.swift */ = {isa = PBXFileReference; lastKnownFileType = sourcecode.swift; path = TagCell.swift; sourceTree = "<group>"; };
		3778AD0326343F1E008F95AB /* RankingTableViewCell.swift */ = {isa = PBXFileReference; lastKnownFileType = sourcecode.swift; path = RankingTableViewCell.swift; sourceTree = "<group>"; };
		3778AD0B26345810008F95AB /* RankingHeader.swift */ = {isa = PBXFileReference; lastKnownFileType = sourcecode.swift; path = RankingHeader.swift; sourceTree = "<group>"; };
		3778AD1626345CB3008F95AB /* Topic.swift */ = {isa = PBXFileReference; lastKnownFileType = sourcecode.swift; path = Topic.swift; sourceTree = "<group>"; };
		3778AD192635C917008F95AB /* CircularProfileView.swift */ = {isa = PBXFileReference; lastKnownFileType = sourcecode.swift; path = CircularProfileView.swift; sourceTree = "<group>"; };
		3789E0B52642F43C00894656 /* Device.swift */ = {isa = PBXFileReference; lastKnownFileType = sourcecode.swift; path = Device.swift; sourceTree = "<group>"; };
		379D857A2657F2AC000D17E1 /* CustomTabbar.swift */ = {isa = PBXFileReference; lastKnownFileType = sourcecode.swift; path = CustomTabbar.swift; sourceTree = "<group>"; };
		37A6A26C26613C0A00964A72 /* TokenRequestInterceptor.swift */ = {isa = PBXFileReference; lastKnownFileType = sourcecode.swift; path = TokenRequestInterceptor.swift; sourceTree = "<group>"; };
		37A918AE263AF886006C96F7 /* ChannelDetailController.swift */ = {isa = PBXFileReference; lastKnownFileType = sourcecode.swift; path = ChannelDetailController.swift; sourceTree = "<group>"; };
		37A918B5263BF552006C96F7 /* DetailTableViewCell.swift */ = {isa = PBXFileReference; lastKnownFileType = sourcecode.swift; path = DetailTableViewCell.swift; sourceTree = "<group>"; };
		37DC1463265E664700F7B7A0 /* TokenUtils.swift */ = {isa = PBXFileReference; lastKnownFileType = sourcecode.swift; path = TokenUtils.swift; sourceTree = "<group>"; };
		37DC1465265E9CBA00F7B7A0 /* GoogleLoginViewController.swift */ = {isa = PBXFileReference; fileEncoding = 4; lastKnownFileType = sourcecode.swift; name = GoogleLoginViewController.swift; path = YouChu/Controller/GoogleLoginViewController.swift; sourceTree = SOURCE_ROOT; };
		37DC8109262B1CAF00711CF0 /* CarouselChannelCell.swift */ = {isa = PBXFileReference; lastKnownFileType = sourcecode.swift; path = CarouselChannelCell.swift; sourceTree = "<group>"; };
		37DC810C262B2D5500711CF0 /* BannerCell.swift */ = {isa = PBXFileReference; lastKnownFileType = sourcecode.swift; path = BannerCell.swift; sourceTree = "<group>"; };
		37DC810F262B9BAE00711CF0 /* ChannelCardView.swift */ = {isa = PBXFileReference; lastKnownFileType = sourcecode.swift; path = ChannelCardView.swift; sourceTree = "<group>"; };
		37E814B42628796E00B3C75B /* CircularChannelCell.swift */ = {isa = PBXFileReference; lastKnownFileType = sourcecode.swift; path = CircularChannelCell.swift; sourceTree = "<group>"; };
		37FB47052628440A008781C0 /* YouChu.app */ = {isa = PBXFileReference; explicitFileType = wrapper.application; includeInIndex = 0; path = YouChu.app; sourceTree = BUILT_PRODUCTS_DIR; };
		37FB47082628440A008781C0 /* AppDelegate.swift */ = {isa = PBXFileReference; lastKnownFileType = sourcecode.swift; path = AppDelegate.swift; sourceTree = "<group>"; };
		37FB470A2628440A008781C0 /* SceneDelegate.swift */ = {isa = PBXFileReference; lastKnownFileType = sourcecode.swift; path = SceneDelegate.swift; sourceTree = "<group>"; };
		37FB470F2628440A008781C0 /* Base */ = {isa = PBXFileReference; lastKnownFileType = file.storyboard; name = Base; path = Base.lproj/Main.storyboard; sourceTree = "<group>"; };
		37FB47112628440C008781C0 /* Assets.xcassets */ = {isa = PBXFileReference; lastKnownFileType = folder.assetcatalog; path = Assets.xcassets; sourceTree = "<group>"; };
		37FB47142628440C008781C0 /* Base */ = {isa = PBXFileReference; lastKnownFileType = file.storyboard; name = Base; path = Base.lproj/LaunchScreen.storyboard; sourceTree = "<group>"; };
		37FB47162628440C008781C0 /* Info.plist */ = {isa = PBXFileReference; lastKnownFileType = text.plist.xml; path = Info.plist; sourceTree = "<group>"; };
		37FB472D2628456E008781C0 /* Extensions.swift */ = {isa = PBXFileReference; fileEncoding = 4; lastKnownFileType = sourcecode.swift; path = Extensions.swift; sourceTree = "<group>"; };
		37FB47302628457F008781C0 /* MainTabController.swift */ = {isa = PBXFileReference; fileEncoding = 4; lastKnownFileType = sourcecode.swift; path = MainTabController.swift; sourceTree = "<group>"; };
		37FB473426284656008781C0 /* MyPageController.swift */ = {isa = PBXFileReference; lastKnownFileType = sourcecode.swift; path = MyPageController.swift; sourceTree = "<group>"; };
		37FB47372628465E008781C0 /* RankingController.swift */ = {isa = PBXFileReference; lastKnownFileType = sourcecode.swift; path = RankingController.swift; sourceTree = "<group>"; };
		37FB473A2628466E008781C0 /* HomeController.swift */ = {isa = PBXFileReference; lastKnownFileType = sourcecode.swift; path = HomeController.swift; sourceTree = "<group>"; };
		37FB473D2628467B008781C0 /* RecommendationController.swift */ = {isa = PBXFileReference; lastKnownFileType = sourcecode.swift; path = RecommendationController.swift; sourceTree = "<group>"; };
		7D6452F4D3C0940265003EAC /* Pods-YouChu.release.xcconfig */ = {isa = PBXFileReference; includeInIndex = 1; lastKnownFileType = text.xcconfig; name = "Pods-YouChu.release.xcconfig"; path = "Target Support Files/Pods-YouChu/Pods-YouChu.release.xcconfig"; sourceTree = "<group>"; };
/* End PBXFileReference section */

/* Begin PBXFrameworksBuildPhase section */
		37FB47022628440A008781C0 /* Frameworks */ = {
			isa = PBXFrameworksBuildPhase;
			buildActionMask = 2147483647;
			files = (
				B81E6BB3CDDAB05C3F799FDC /* Pods_YouChu.framework in Frameworks */,
			);
			runOnlyForDeploymentPostprocessing = 0;
		};
/* End PBXFrameworksBuildPhase section */

/* Begin PBXGroup section */
		37500DFE263716A000BB4BC5 /* Cell */ = {
			isa = PBXGroup;
			children = (
				3778ACFF2632A2DF008F95AB /* TagCell.swift */,
				37DC810C262B2D5500711CF0 /* BannerCell.swift */,
				37E814B42628796E00B3C75B /* CircularChannelCell.swift */,
				37DC8109262B1CAF00711CF0 /* CarouselChannelCell.swift */,
				3778AD0326343F1E008F95AB /* RankingTableViewCell.swift */,
				37500DFB2637101C00BB4BC5 /* MyPageTableViewCell.swift */,
				37A918B5263BF552006C96F7 /* DetailTableViewCell.swift */,
				3747FDCC263E76D900916764 /* VideoTableViewCell.swift */,
				3747FDD8263E82A000916764 /* ChannelTableViewCell.swift */,
			);
			path = Cell;
			sourceTree = "<group>";
		};
		375FE4682639753400740866 /* Detail */ = {
			isa = PBXGroup;
			children = (
				375FE4692639754F00740866 /* DetailViewController.swift */,
				375FE46C2639755E00740866 /* VideoViewController.swift */,
			);
			path = Detail;
			sourceTree = "<group>";
		};
		37FB46FC2628440A008781C0 = {
			isa = PBXGroup;
			children = (
				37FB47072628440A008781C0 /* YouChu */,
				37FB47062628440A008781C0 /* Products */,
				9F793563A2DFBC8DD6B7AD6A /* Pods */,
				B020EA213722F5C216D8A1C5 /* Frameworks */,
			);
			sourceTree = "<group>";
		};
		37FB47062628440A008781C0 /* Products */ = {
			isa = PBXGroup;
			children = (
				37FB47052628440A008781C0 /* YouChu.app */,
			);
			name = Products;
			sourceTree = "<group>";
		};
		37FB47072628440A008781C0 /* YouChu */ = {
			isa = PBXGroup;
			children = (
				37FB472C26284523008781C0 /* Utils */,
				37FB472B26284521008781C0 /* API */,
				37FB472A2628451D008781C0 /* Controller */,
				37FB472826284513008781C0 /* View */,
				37FB4724262844F8008781C0 /* Model */,
				37FB47082628440A008781C0 /* AppDelegate.swift */,
				37FB470A2628440A008781C0 /* SceneDelegate.swift */,
				37FB470E2628440A008781C0 /* Main.storyboard */,
				37FB47112628440C008781C0 /* Assets.xcassets */,
				37FB47132628440C008781C0 /* LaunchScreen.storyboard */,
				37FB47162628440C008781C0 /* Info.plist */,
			);
			path = YouChu;
			sourceTree = "<group>";
		};
		37FB4724262844F8008781C0 /* Model */ = {
			isa = PBXGroup;
			children = (
				3778AD1626345CB3008F95AB /* Topic.swift */,
				3747FDCF263E774F00916764 /* Videos.swift */,
				3747FDD5263E822100916764 /* Channel.swift */,
				371DCA6A264ECDEA00B3724C /* User.swift */,
				371DCA6E264F9D6200B3724C /* Response.swift */,
				371DCA70264FD66000B3724C /* Keyword.swift */,
				376CD13A26555A4900A09764 /* ResponseWithPage.swift */,
			);
			path = Model;
			sourceTree = "<group>";
		};
		37FB472826284513008781C0 /* View */ = {
			isa = PBXGroup;
			children = (
				37500DFE263716A000BB4BC5 /* Cell */,
				37DC810F262B9BAE00711CF0 /* ChannelCardView.swift */,
				3778ACE6262CAE22008F95AB /* CircularImageButton.swift */,
				3778AD0B26345810008F95AB /* RankingHeader.swift */,
				3778AD192635C917008F95AB /* CircularProfileView.swift */,
				379D857A2657F2AC000D17E1 /* CustomTabbar.swift */,
			);
			path = View;
			sourceTree = "<group>";
		};
		37FB472A2628451D008781C0 /* Controller */ = {
			isa = PBXGroup;
			children = (
				375FE4682639753400740866 /* Detail */,
				37FB47302628457F008781C0 /* MainTabController.swift */,
				37DC1465265E9CBA00F7B7A0 /* GoogleLoginViewController.swift */,
				37FB473A2628466E008781C0 /* HomeController.swift */,
				37FB473D2628467B008781C0 /* RecommendationController.swift */,
				37FB47372628465E008781C0 /* RankingController.swift */,
				37FB473426284656008781C0 /* MyPageController.swift */,
				37A918AE263AF886006C96F7 /* ChannelDetailController.swift */,
				3747FDD2263E818800916764 /* ChannelListController.swift */,
				3706443F26593EC000FB95C1 /* ChannelListNEViewController.swift */,
			);
			path = Controller;
			sourceTree = "<group>";
		};
		37FB472B26284521008781C0 /* API */ = {
			isa = PBXGroup;
			children = (
				371DCA68264AC53700B3724C /* Service.swift */,
				37534FCD2654F497003A5C42 /* UserInfo.swift */,
				37DC1463265E664700F7B7A0 /* TokenUtils.swift */,
				37A6A26C26613C0A00964A72 /* TokenRequestInterceptor.swift */,
			);
			path = API;
			sourceTree = "<group>";
		};
		37FB472C26284523008781C0 /* Utils */ = {
			isa = PBXGroup;
			children = (
				37FB472D2628456E008781C0 /* Extensions.swift */,
				3789E0B52642F43C00894656 /* Device.swift */,
				37534FCF2654F6C5003A5C42 /* Statics.swift */,
				376CD138265530DC00A09764 /* Color.swift */,
			);
			path = Utils;
			sourceTree = "<group>";
		};
		9F793563A2DFBC8DD6B7AD6A /* Pods */ = {
			isa = PBXGroup;
			children = (
				287B54ABD93A3AC5A460283E /* Pods-YouChu.debug.xcconfig */,
				7D6452F4D3C0940265003EAC /* Pods-YouChu.release.xcconfig */,
			);
			path = Pods;
			sourceTree = "<group>";
		};
		B020EA213722F5C216D8A1C5 /* Frameworks */ = {
			isa = PBXGroup;
			children = (
				30C97A25CD3E7C9F535A7B40 /* Pods_YouChu.framework */,
			);
			name = Frameworks;
			sourceTree = "<group>";
		};
/* End PBXGroup section */

/* Begin PBXNativeTarget section */
		37FB47042628440A008781C0 /* YouChu */ = {
			isa = PBXNativeTarget;
			buildConfigurationList = 37FB47192628440C008781C0 /* Build configuration list for PBXNativeTarget "YouChu" */;
			buildPhases = (
				D5C3771605C3D3F75BF2E907 /* [CP] Check Pods Manifest.lock */,
				37FB47012628440A008781C0 /* Sources */,
				37FB47022628440A008781C0 /* Frameworks */,
				37FB47032628440A008781C0 /* Resources */,
				B05FCCCEE248A67C29D57E82 /* [CP] Embed Pods Frameworks */,
				81718F93CFC0D5121A51CE72 /* [CP] Copy Pods Resources */,
			);
			buildRules = (
			);
			dependencies = (
			);
			name = YouChu;
			productName = YouChu;
			productReference = 37FB47052628440A008781C0 /* YouChu.app */;
			productType = "com.apple.product-type.application";
		};
/* End PBXNativeTarget section */

/* Begin PBXProject section */
		37FB46FD2628440A008781C0 /* Project object */ = {
			isa = PBXProject;
			attributes = {
				LastSwiftUpdateCheck = 1240;
				LastUpgradeCheck = 1240;
				TargetAttributes = {
					37FB47042628440A008781C0 = {
						CreatedOnToolsVersion = 12.4;
					};
				};
			};
			buildConfigurationList = 37FB47002628440A008781C0 /* Build configuration list for PBXProject "YouChu" */;
			compatibilityVersion = "Xcode 9.3";
			developmentRegion = en;
			hasScannedForEncodings = 0;
			knownRegions = (
				en,
				Base,
			);
			mainGroup = 37FB46FC2628440A008781C0;
			productRefGroup = 37FB47062628440A008781C0 /* Products */;
			projectDirPath = "";
			projectRoot = "";
			targets = (
				37FB47042628440A008781C0 /* YouChu */,
			);
		};
/* End PBXProject section */

/* Begin PBXResourcesBuildPhase section */
		37FB47032628440A008781C0 /* Resources */ = {
			isa = PBXResourcesBuildPhase;
			buildActionMask = 2147483647;
			files = (
				37FB47152628440C008781C0 /* LaunchScreen.storyboard in Resources */,
				37FB47122628440C008781C0 /* Assets.xcassets in Resources */,
				37FB47102628440A008781C0 /* Main.storyboard in Resources */,
			);
			runOnlyForDeploymentPostprocessing = 0;
		};
/* End PBXResourcesBuildPhase section */

/* Begin PBXShellScriptBuildPhase section */
		81718F93CFC0D5121A51CE72 /* [CP] Copy Pods Resources */ = {
			isa = PBXShellScriptBuildPhase;
			buildActionMask = 2147483647;
			files = (
			);
			inputFileListPaths = (
				"${PODS_ROOT}/Target Support Files/Pods-YouChu/Pods-YouChu-resources-${CONFIGURATION}-input-files.xcfilelist",
			);
			name = "[CP] Copy Pods Resources";
			outputFileListPaths = (
				"${PODS_ROOT}/Target Support Files/Pods-YouChu/Pods-YouChu-resources-${CONFIGURATION}-output-files.xcfilelist",
			);
			runOnlyForDeploymentPostprocessing = 0;
			shellPath = /bin/sh;
			shellScript = "\"${PODS_ROOT}/Target Support Files/Pods-YouChu/Pods-YouChu-resources.sh\"\n";
			showEnvVarsInLog = 0;
		};
		B05FCCCEE248A67C29D57E82 /* [CP] Embed Pods Frameworks */ = {
			isa = PBXShellScriptBuildPhase;
			buildActionMask = 2147483647;
			files = (
			);
			inputFileListPaths = (
				"${PODS_ROOT}/Target Support Files/Pods-YouChu/Pods-YouChu-frameworks-${CONFIGURATION}-input-files.xcfilelist",
			);
			name = "[CP] Embed Pods Frameworks";
			outputFileListPaths = (
				"${PODS_ROOT}/Target Support Files/Pods-YouChu/Pods-YouChu-frameworks-${CONFIGURATION}-output-files.xcfilelist",
			);
			runOnlyForDeploymentPostprocessing = 0;
			shellPath = /bin/sh;
			shellScript = "\"${PODS_ROOT}/Target Support Files/Pods-YouChu/Pods-YouChu-frameworks.sh\"\n";
			showEnvVarsInLog = 0;
		};
		D5C3771605C3D3F75BF2E907 /* [CP] Check Pods Manifest.lock */ = {
			isa = PBXShellScriptBuildPhase;
			buildActionMask = 2147483647;
			files = (
			);
			inputFileListPaths = (
			);
			inputPaths = (
				"${PODS_PODFILE_DIR_PATH}/Podfile.lock",
				"${PODS_ROOT}/Manifest.lock",
			);
			name = "[CP] Check Pods Manifest.lock";
			outputFileListPaths = (
			);
			outputPaths = (
				"$(DERIVED_FILE_DIR)/Pods-YouChu-checkManifestLockResult.txt",
			);
			runOnlyForDeploymentPostprocessing = 0;
			shellPath = /bin/sh;
			shellScript = "diff \"${PODS_PODFILE_DIR_PATH}/Podfile.lock\" \"${PODS_ROOT}/Manifest.lock\" > /dev/null\nif [ $? != 0 ] ; then\n    # print error to STDERR\n    echo \"error: The sandbox is not in sync with the Podfile.lock. Run 'pod install' or update your CocoaPods installation.\" >&2\n    exit 1\nfi\n# This output is used by Xcode 'outputs' to avoid re-running this script phase.\necho \"SUCCESS\" > \"${SCRIPT_OUTPUT_FILE_0}\"\n";
			showEnvVarsInLog = 0;
		};
/* End PBXShellScriptBuildPhase section */

/* Begin PBXSourcesBuildPhase section */
		37FB47012628440A008781C0 /* Sources */ = {
			isa = PBXSourcesBuildPhase;
			buildActionMask = 2147483647;
			files = (
				37FB473526284656008781C0 /* MyPageController.swift in Sources */,
				3706444026593EC000FB95C1 /* ChannelListNEViewController.swift in Sources */,
				3747FDCD263E76D900916764 /* VideoTableViewCell.swift in Sources */,
				37FB47382628465E008781C0 /* RankingController.swift in Sources */,
				371DCA71264FD66000B3724C /* Keyword.swift in Sources */,
				375FE46D2639755E00740866 /* VideoViewController.swift in Sources */,
				371DCA6B264ECDEA00B3724C /* User.swift in Sources */,
				375FE46A2639754F00740866 /* DetailViewController.swift in Sources */,
				37534FD02654F6C5003A5C42 /* Statics.swift in Sources */,
				3778AD1726345CB3008F95AB /* Topic.swift in Sources */,
				3778AD0426343F1E008F95AB /* RankingTableViewCell.swift in Sources */,
				37DC1466265E9CBA00F7B7A0 /* GoogleLoginViewController.swift in Sources */,
				3778AD1A2635C917008F95AB /* CircularProfileView.swift in Sources */,
				37A918AF263AF886006C96F7 /* ChannelDetailController.swift in Sources */,
				37FB47092628440A008781C0 /* AppDelegate.swift in Sources */,
				3778ACE7262CAE22008F95AB /* CircularImageButton.swift in Sources */,
				3778AD002632A2DF008F95AB /* TagCell.swift in Sources */,
				37A918B6263BF552006C96F7 /* DetailTableViewCell.swift in Sources */,
				376CD139265530DC00A09764 /* Color.swift in Sources */,
				37FB473B2628466E008781C0 /* HomeController.swift in Sources */,
				3747FDD0263E774F00916764 /* Videos.swift in Sources */,
				376CD13B26555A4900A09764 /* ResponseWithPage.swift in Sources */,
				3747FDD6263E822100916764 /* Channel.swift in Sources */,
				3789E0B62642F43C00894656 /* Device.swift in Sources */,
				37534FCE2654F497003A5C42 /* UserInfo.swift in Sources */,
				37DC810D262B2D5500711CF0 /* BannerCell.swift in Sources */,
				371DCA6F264F9D6200B3724C /* Response.swift in Sources */,
				37FB47312628457F008781C0 /* MainTabController.swift in Sources */,
				3747FDD3263E818800916764 /* ChannelListController.swift in Sources */,
				3778AD0C26345810008F95AB /* RankingHeader.swift in Sources */,
				37DC8110262B9BAE00711CF0 /* ChannelCardView.swift in Sources */,
				371DCA69264AC53700B3724C /* Service.swift in Sources */,
				37FB470B2628440A008781C0 /* SceneDelegate.swift in Sources */,
				37FB472E2628456E008781C0 /* Extensions.swift in Sources */,
				37DC810A262B1CAF00711CF0 /* CarouselChannelCell.swift in Sources */,
				37FB473E2628467B008781C0 /* RecommendationController.swift in Sources */,
				37500DFC2637101C00BB4BC5 /* MyPageTableViewCell.swift in Sources */,
				37A6A26D26613C0A00964A72 /* TokenRequestInterceptor.swift in Sources */,
				379D857B2657F2AC000D17E1 /* CustomTabbar.swift in Sources */,
				37E814B52628796E00B3C75B /* CircularChannelCell.swift in Sources */,
				37DC1464265E664700F7B7A0 /* TokenUtils.swift in Sources */,
				3747FDD9263E82A000916764 /* ChannelTableViewCell.swift in Sources */,
			);
			runOnlyForDeploymentPostprocessing = 0;
		};
/* End PBXSourcesBuildPhase section */

/* Begin PBXVariantGroup section */
		37FB470E2628440A008781C0 /* Main.storyboard */ = {
			isa = PBXVariantGroup;
			children = (
				37FB470F2628440A008781C0 /* Base */,
			);
			name = Main.storyboard;
			sourceTree = "<group>";
		};
		37FB47132628440C008781C0 /* LaunchScreen.storyboard */ = {
			isa = PBXVariantGroup;
			children = (
				37FB47142628440C008781C0 /* Base */,
			);
			name = LaunchScreen.storyboard;
			sourceTree = "<group>";
		};
/* End PBXVariantGroup section */

/* Begin XCBuildConfiguration section */
		37FB47172628440C008781C0 /* Debug */ = {
			isa = XCBuildConfiguration;
			buildSettings = {
				ALWAYS_SEARCH_USER_PATHS = NO;
				CLANG_ANALYZER_NONNULL = YES;
				CLANG_ANALYZER_NUMBER_OBJECT_CONVERSION = YES_AGGRESSIVE;
				CLANG_CXX_LANGUAGE_STANDARD = "gnu++14";
				CLANG_CXX_LIBRARY = "libc++";
				CLANG_ENABLE_MODULES = YES;
				CLANG_ENABLE_OBJC_ARC = YES;
				CLANG_ENABLE_OBJC_WEAK = YES;
				CLANG_WARN_BLOCK_CAPTURE_AUTORELEASING = YES;
				CLANG_WARN_BOOL_CONVERSION = YES;
				CLANG_WARN_COMMA = YES;
				CLANG_WARN_CONSTANT_CONVERSION = YES;
				CLANG_WARN_DEPRECATED_OBJC_IMPLEMENTATIONS = YES;
				CLANG_WARN_DIRECT_OBJC_ISA_USAGE = YES_ERROR;
				CLANG_WARN_DOCUMENTATION_COMMENTS = YES;
				CLANG_WARN_EMPTY_BODY = YES;
				CLANG_WARN_ENUM_CONVERSION = YES;
				CLANG_WARN_INFINITE_RECURSION = YES;
				CLANG_WARN_INT_CONVERSION = YES;
				CLANG_WARN_NON_LITERAL_NULL_CONVERSION = YES;
				CLANG_WARN_OBJC_IMPLICIT_RETAIN_SELF = YES;
				CLANG_WARN_OBJC_LITERAL_CONVERSION = YES;
				CLANG_WARN_OBJC_ROOT_CLASS = YES_ERROR;
				CLANG_WARN_QUOTED_INCLUDE_IN_FRAMEWORK_HEADER = YES;
				CLANG_WARN_RANGE_LOOP_ANALYSIS = YES;
				CLANG_WARN_STRICT_PROTOTYPES = YES;
				CLANG_WARN_SUSPICIOUS_MOVE = YES;
				CLANG_WARN_UNGUARDED_AVAILABILITY = YES_AGGRESSIVE;
				CLANG_WARN_UNREACHABLE_CODE = YES;
				CLANG_WARN__DUPLICATE_METHOD_MATCH = YES;
				COPY_PHASE_STRIP = NO;
				DEBUG_INFORMATION_FORMAT = dwarf;
				ENABLE_STRICT_OBJC_MSGSEND = YES;
				ENABLE_TESTABILITY = YES;
				GCC_C_LANGUAGE_STANDARD = gnu11;
				GCC_DYNAMIC_NO_PIC = NO;
				GCC_NO_COMMON_BLOCKS = YES;
				GCC_OPTIMIZATION_LEVEL = 0;
				GCC_PREPROCESSOR_DEFINITIONS = (
					"DEBUG=1",
					"$(inherited)",
				);
				GCC_WARN_64_TO_32_BIT_CONVERSION = YES;
				GCC_WARN_ABOUT_RETURN_TYPE = YES_ERROR;
				GCC_WARN_UNDECLARED_SELECTOR = YES;
				GCC_WARN_UNINITIALIZED_AUTOS = YES_AGGRESSIVE;
				GCC_WARN_UNUSED_FUNCTION = YES;
				GCC_WARN_UNUSED_VARIABLE = YES;
				IPHONEOS_DEPLOYMENT_TARGET = 14.4;
				MTL_ENABLE_DEBUG_INFO = INCLUDE_SOURCE;
				MTL_FAST_MATH = YES;
				ONLY_ACTIVE_ARCH = YES;
				SDKROOT = iphoneos;
				SWIFT_ACTIVE_COMPILATION_CONDITIONS = DEBUG;
				SWIFT_OPTIMIZATION_LEVEL = "-Onone";
			};
			name = Debug;
		};
		37FB47182628440C008781C0 /* Release */ = {
			isa = XCBuildConfiguration;
			buildSettings = {
				ALWAYS_SEARCH_USER_PATHS = NO;
				CLANG_ANALYZER_NONNULL = YES;
				CLANG_ANALYZER_NUMBER_OBJECT_CONVERSION = YES_AGGRESSIVE;
				CLANG_CXX_LANGUAGE_STANDARD = "gnu++14";
				CLANG_CXX_LIBRARY = "libc++";
				CLANG_ENABLE_MODULES = YES;
				CLANG_ENABLE_OBJC_ARC = YES;
				CLANG_ENABLE_OBJC_WEAK = YES;
				CLANG_WARN_BLOCK_CAPTURE_AUTORELEASING = YES;
				CLANG_WARN_BOOL_CONVERSION = YES;
				CLANG_WARN_COMMA = YES;
				CLANG_WARN_CONSTANT_CONVERSION = YES;
				CLANG_WARN_DEPRECATED_OBJC_IMPLEMENTATIONS = YES;
				CLANG_WARN_DIRECT_OBJC_ISA_USAGE = YES_ERROR;
				CLANG_WARN_DOCUMENTATION_COMMENTS = YES;
				CLANG_WARN_EMPTY_BODY = YES;
				CLANG_WARN_ENUM_CONVERSION = YES;
				CLANG_WARN_INFINITE_RECURSION = YES;
				CLANG_WARN_INT_CONVERSION = YES;
				CLANG_WARN_NON_LITERAL_NULL_CONVERSION = YES;
				CLANG_WARN_OBJC_IMPLICIT_RETAIN_SELF = YES;
				CLANG_WARN_OBJC_LITERAL_CONVERSION = YES;
				CLANG_WARN_OBJC_ROOT_CLASS = YES_ERROR;
				CLANG_WARN_QUOTED_INCLUDE_IN_FRAMEWORK_HEADER = YES;
				CLANG_WARN_RANGE_LOOP_ANALYSIS = YES;
				CLANG_WARN_STRICT_PROTOTYPES = YES;
				CLANG_WARN_SUSPICIOUS_MOVE = YES;
				CLANG_WARN_UNGUARDED_AVAILABILITY = YES_AGGRESSIVE;
				CLANG_WARN_UNREACHABLE_CODE = YES;
				CLANG_WARN__DUPLICATE_METHOD_MATCH = YES;
				COPY_PHASE_STRIP = NO;
				DEBUG_INFORMATION_FORMAT = "dwarf-with-dsym";
				ENABLE_NS_ASSERTIONS = NO;
				ENABLE_STRICT_OBJC_MSGSEND = YES;
				GCC_C_LANGUAGE_STANDARD = gnu11;
				GCC_NO_COMMON_BLOCKS = YES;
				GCC_WARN_64_TO_32_BIT_CONVERSION = YES;
				GCC_WARN_ABOUT_RETURN_TYPE = YES_ERROR;
				GCC_WARN_UNDECLARED_SELECTOR = YES;
				GCC_WARN_UNINITIALIZED_AUTOS = YES_AGGRESSIVE;
				GCC_WARN_UNUSED_FUNCTION = YES;
				GCC_WARN_UNUSED_VARIABLE = YES;
				IPHONEOS_DEPLOYMENT_TARGET = 14.4;
				MTL_ENABLE_DEBUG_INFO = NO;
				MTL_FAST_MATH = YES;
				SDKROOT = iphoneos;
				SWIFT_COMPILATION_MODE = wholemodule;
				SWIFT_OPTIMIZATION_LEVEL = "-O";
				VALIDATE_PRODUCT = YES;
			};
			name = Release;
		};
		37FB471A2628440C008781C0 /* Debug */ = {
			isa = XCBuildConfiguration;
			baseConfigurationReference = 287B54ABD93A3AC5A460283E /* Pods-YouChu.debug.xcconfig */;
			buildSettings = {
				ASSETCATALOG_COMPILER_APPICON_NAME = AppIcon;
				ASSETCATALOG_COMPILER_GLOBAL_ACCENT_COLOR_NAME = AccentColor;
				CODE_SIGN_STYLE = Automatic;
				DEVELOPMENT_TEAM = 6YNXK75768;
				INFOPLIST_FILE = YouChu/Info.plist;
				LD_RUNPATH_SEARCH_PATHS = (
					"$(inherited)",
					"@executable_path/Frameworks",
				);
				PRODUCT_BUNDLE_IDENTIFIER = edu.wilybear.YouChu;
				PRODUCT_NAME = "$(TARGET_NAME)";
				SWIFT_VERSION = 5.0;
				TARGETED_DEVICE_FAMILY = "1,2";
			};
			name = Debug;
		};
		37FB471B2628440C008781C0 /* Release */ = {
			isa = XCBuildConfiguration;
			baseConfigurationReference = 7D6452F4D3C0940265003EAC /* Pods-YouChu.release.xcconfig */;
			buildSettings = {
				ASSETCATALOG_COMPILER_APPICON_NAME = AppIcon;
				ASSETCATALOG_COMPILER_GLOBAL_ACCENT_COLOR_NAME = AccentColor;
				CODE_SIGN_STYLE = Automatic;
				DEVELOPMENT_TEAM = 6YNXK75768;
				INFOPLIST_FILE = YouChu/Info.plist;
				LD_RUNPATH_SEARCH_PATHS = (
					"$(inherited)",
					"@executable_path/Frameworks",
				);
				PRODUCT_BUNDLE_IDENTIFIER = edu.wilybear.YouChu;
				PRODUCT_NAME = "$(TARGET_NAME)";
				SWIFT_VERSION = 5.0;
				TARGETED_DEVICE_FAMILY = "1,2";
			};
			name = Release;
		};
/* End XCBuildConfiguration section */

/* Begin XCConfigurationList section */
		37FB47002628440A008781C0 /* Build configuration list for PBXProject "YouChu" */ = {
			isa = XCConfigurationList;
			buildConfigurations = (
				37FB47172628440C008781C0 /* Debug */,
				37FB47182628440C008781C0 /* Release */,
			);
			defaultConfigurationIsVisible = 0;
			defaultConfigurationName = Release;
		};
		37FB47192628440C008781C0 /* Build configuration list for PBXNativeTarget "YouChu" */ = {
			isa = XCConfigurationList;
			buildConfigurations = (
				37FB471A2628440C008781C0 /* Debug */,
				37FB471B2628440C008781C0 /* Release */,
			);
			defaultConfigurationIsVisible = 0;
			defaultConfigurationName = Release;
		};
/* End XCConfigurationList section */
	};
	rootObject = 37FB46FD2628440A008781C0 /* Project object */;
}
